// !$*UTF8*$!
{
	archiveVersion = 1;
	classes = {
	};
	objectVersion = 46;
	objects = {

/* Begin PBXBuildFile section */
		8A0D99881C3D65E500DD5E9B /* RCTFileUploader.h in CopyFiles */ = {isa = PBXBuildFile; fileRef = 8A0D99871C3D65E500DD5E9B /* RCTFileUploader.h */; };
		8A0D998A1C3D65E500DD5E9B /* RCTFileUploader.m in Sources */ = {isa = PBXBuildFile; fileRef = 8A0D99891C3D65E500DD5E9B /* RCTFileUploader.m */; };
/* End PBXBuildFile section */

/* Begin PBXCopyFilesBuildPhase section */
		8A0D99821C3D65E500DD5E9B /* CopyFiles */ = {
			isa = PBXCopyFilesBuildPhase;
			buildActionMask = 2147483647;
			dstPath = "include/$(PRODUCT_NAME)";
			dstSubfolderSpec = 16;
			files = (
				8A0D99881C3D65E500DD5E9B /* RCTFileUploader.h in CopyFiles */,
			);
			runOnlyForDeploymentPostprocessing = 0;
		};
/* End PBXCopyFilesBuildPhase section */

/* Begin PBXFileReference section */
		37AE4CD35F11577CFBEADEFC /* .editorconfig */ = {isa = PBXFileReference; lastKnownFileType = file.editorconfig; path = .editorconfig; sourceTree = "<group>"; };
		8A0D99841C3D65E500DD5E9B /* libRCTFileUploader.a */ = {isa = PBXFileReference; explicitFileType = archive.ar; includeInIndex = 0; path = libRCTFileUploader.a; sourceTree = BUILT_PRODUCTS_DIR; };
		8A0D99871C3D65E500DD5E9B /* RCTFileUploader.h */ = {isa = PBXFileReference; lastKnownFileType = sourcecode.c.h; path = RCTFileUploader.h; sourceTree = "<group>"; };
		8A0D99891C3D65E500DD5E9B /* RCTFileUploader.m */ = {isa = PBXFileReference; lastKnownFileType = sourcecode.c.objc; path = RCTFileUploader.m; sourceTree = "<group>"; };
/* End PBXFileReference section */

/* Begin PBXFrameworksBuildPhase section */
		8A0D99811C3D65E500DD5E9B /* Frameworks */ = {
			isa = PBXFrameworksBuildPhase;
			buildActionMask = 2147483647;
			files = (
			);
			runOnlyForDeploymentPostprocessing = 0;
		};
/* End PBXFrameworksBuildPhase section */

/* Begin PBXGroup section */
		8A0D997B1C3D65E500DD5E9B = {
			isa = PBXGroup;
			children = (
				8A0D999C1C3D682500DD5E9B /* Libraries */,
				8A0D99861C3D65E500DD5E9B /* RCTFileUploader */,
				8A0D99851C3D65E500DD5E9B /* Products */,
				37AE4CD35F11577CFBEADEFC /* .editorconfig */,
			);
			sourceTree = "<group>";
		};
		8A0D99851C3D65E500DD5E9B /* Products */ = {
			isa = PBXGroup;
			children = (
				8A0D99841C3D65E500DD5E9B /* libRCTFileUploader.a */,
			);
			name = Products;
			sourceTree = "<group>";
		};
		8A0D99861C3D65E500DD5E9B /* RCTFileUploader */ = {
			isa = PBXGroup;
			children = (
				8A0D99871C3D65E500DD5E9B /* RCTFileUploader.h */,
				8A0D99891C3D65E500DD5E9B /* RCTFileUploader.m */,
			);
			path = RCTFileUploader;
			sourceTree = "<group>";
		};
		8A0D999C1C3D682500DD5E9B /* Libraries */ = {
			isa = PBXGroup;
			children = (
			);
			name = Libraries;
			sourceTree = "<group>";
		};
/* End PBXGroup section */

/* Begin PBXNativeTarget section */
		8A0D99831C3D65E500DD5E9B /* RCTFileUploader */ = {
			isa = PBXNativeTarget;
			buildConfigurationList = 8A0D998D1C3D65E500DD5E9B /* Build configuration list for PBXNativeTarget "RCTFileUploader" */;
			buildPhases = (
				8A0D99801C3D65E500DD5E9B /* Sources */,
				8A0D99811C3D65E500DD5E9B /* Frameworks */,
				8A0D99821C3D65E500DD5E9B /* CopyFiles */,
			);
			buildRules = (
			);
			dependencies = (
			);
			name = RCTFileUploader;
			productName = RCTFileUploader;
			productReference = 8A0D99841C3D65E500DD5E9B /* libRCTFileUploader.a */;
			productType = "com.apple.product-type.library.static";
		};
/* End PBXNativeTarget section */

/* Begin PBXProject section */
		8A0D997C1C3D65E500DD5E9B /* Project object */ = {
			isa = PBXProject;
			attributes = {
				LastUpgradeCheck = 0720;
				ORGANIZATIONNAME = "Fabrice Armisen";
				TargetAttributes = {
					8A0D99831C3D65E500DD5E9B = {
						CreatedOnToolsVersion = 7.2;
					};
				};
			};
			buildConfigurationList = 8A0D997F1C3D65E500DD5E9B /* Build configuration list for PBXProject "RCTFileUploader" */;
			compatibilityVersion = "Xcode 3.2";
			developmentRegion = English;
			hasScannedForEncodings = 0;
			knownRegions = (
				en,
			);
			mainGroup = 8A0D997B1C3D65E500DD5E9B;
			productRefGroup = 8A0D99851C3D65E500DD5E9B /* Products */;
			projectDirPath = "";
			projectRoot = "";
			targets = (
				8A0D99831C3D65E500DD5E9B /* RCTFileUploader */,
			);
		};
/* End PBXProject section */

/* Begin PBXSourcesBuildPhase section */
		8A0D99801C3D65E500DD5E9B /* Sources */ = {
			isa = PBXSourcesBuildPhase;
			buildActionMask = 2147483647;
			files = (
				8A0D998A1C3D65E500DD5E9B /* RCTFileUploader.m in Sources */,
			);
			runOnlyForDeploymentPostprocessing = 0;
		};
/* End PBXSourcesBuildPhase section */

/* Begin XCBuildConfiguration section */
		8A0D998B1C3D65E500DD5E9B /* Debug */ = {
			isa = XCBuildConfiguration;
			buildSettings = {
				ALWAYS_SEARCH_USER_PATHS = NO;
				CLANG_CXX_LANGUAGE_STANDARD = "gnu++0x";
				CLANG_CXX_LIBRARY = "libc++";
				CLANG_ENABLE_MODULES = YES;
				CLANG_ENABLE_OBJC_ARC = YES;
				CLANG_WARN_BOOL_CONVERSION = YES;
				CLANG_WARN_CONSTANT_CONVERSION = YES;
				CLANG_WARN_DIRECT_OBJC_ISA_USAGE = YES_ERROR;
				CLANG_WARN_EMPTY_BODY = YES;
				CLANG_WARN_ENUM_CONVERSION = YES;
				CLANG_WARN_INT_CONVERSION = YES;
				CLANG_WARN_OBJC_ROOT_CLASS = YES_ERROR;
				CLANG_WARN_UNREACHABLE_CODE = YES;
				CLANG_WARN__DUPLICATE_METHOD_MATCH = YES;
				"CODE_SIGN_IDENTITY[sdk=iphoneos*]" = "iPhone Developer";
				COPY_PHASE_STRIP = NO;
				DEBUG_INFORMATION_FORMAT = dwarf;
				ENABLE_STRICT_OBJC_MSGSEND = YES;
				ENABLE_TESTABILITY = YES;
				GCC_C_LANGUAGE_STANDARD = gnu99;
				GCC_DYNAMIC_NO_PIC = NO;
				GCC_NO_COMMON_BLOCKS = YES;
				GCC_OPTIMIZATION_LEVEL = 0;
				GCC_PREPROCESSOR_DEFINITIONS = (
					"DEBUG=1",
					"$(inherited)",
				);
				GCC_WARN_64_TO_32_BIT_CONVERSION = YES;
				GCC_WARN_ABOUT_RETURN_TYPE = YES_ERROR;
				GCC_WARN_UNDECLARED_SELECTOR = YES;
				GCC_WARN_UNINITIALIZED_AUTOS = YES_AGGRESSIVE;
				GCC_WARN_UNUSED_FUNCTION = YES;
				GCC_WARN_UNUSED_VARIABLE = YES;
				IPHONEOS_DEPLOYMENT_TARGET = 9.2;
				MTL_ENABLE_DEBUG_INFO = YES;
				ONLY_ACTIVE_ARCH = YES;
				SDKROOT = iphoneos;
			};
			name = Debug;
		};
		8A0D998C1C3D65E500DD5E9B /* Release */ = {
			isa = XCBuildConfiguration;
			buildSettings = {
				ALWAYS_SEARCH_USER_PATHS = NO;
				CLANG_CXX_LANGUAGE_STANDARD = "gnu++0x";
				CLANG_CXX_LIBRARY = "libc++";
				CLANG_ENABLE_MODULES = YES;
				CLANG_ENABLE_OBJC_ARC = YES;
				CLANG_WARN_BOOL_CONVERSION = YES;
				CLANG_WARN_CONSTANT_CONVERSION = YES;
				CLANG_WARN_DIRECT_OBJC_ISA_USAGE = YES_ERROR;
				CLANG_WARN_EMPTY_BODY = YES;
				CLANG_WARN_ENUM_CONVERSION = YES;
				CLANG_WARN_INT_CONVERSION = YES;
				CLANG_WARN_OBJC_ROOT_CLASS = YES_ERROR;
				CLANG_WARN_UNREACHABLE_CODE = YES;
				CLANG_WARN__DUPLICATE_METHOD_MATCH = YES;
				"CODE_SIGN_IDENTITY[sdk=iphoneos*]" = "iPhone Developer";
				COPY_PHASE_STRIP = NO;
				DEBUG_INFORMATION_FORMAT = "dwarf-with-dsym";
				ENABLE_NS_ASSERTIONS = NO;
				ENABLE_STRICT_OBJC_MSGSEND = YES;
				GCC_C_LANGUAGE_STANDARD = gnu99;
				GCC_NO_COMMON_BLOCKS = YES;
				GCC_WARN_64_TO_32_BIT_CONVERSION = YES;
				GCC_WARN_ABOUT_RETURN_TYPE = YES_ERROR;
				GCC_WARN_UNDECLARED_SELECTOR = YES;
				GCC_WARN_UNINITIALIZED_AUTOS = YES_AGGRESSIVE;
				GCC_WARN_UNUSED_FUNCTION = YES;
				GCC_WARN_UNUSED_VARIABLE = YES;
				IPHONEOS_DEPLOYMENT_TARGET = 9.2;
				MTL_ENABLE_DEBUG_INFO = NO;
				SDKROOT = iphoneos;
				VALIDATE_PRODUCT = YES;
			};
			name = Release;
		};
		8A0D998E1C3D65E500DD5E9B /* Debug */ = {
			isa = XCBuildConfiguration;
			buildSettings = {
				ALWAYS_SEARCH_USER_PATHS = NO;
				HEADER_SEARCH_PATHS = (
					"$(SRCROOT)/../node_modules/react-native/React/**",
					"$(SRCROOT)/../../react-native/React/**",
				);
				OTHER_LDFLAGS = "-ObjC";
				PRODUCT_NAME = "$(TARGET_NAME)";
				SKIP_INSTALL = YES;
			};
			name = Debug;
		};
		8A0D998F1C3D65E500DD5E9B /* Release */ = {
			isa = XCBuildConfiguration;
			buildSettings = {
				ALWAYS_SEARCH_USER_PATHS = NO;
				HEADER_SEARCH_PATHS = (
					"$(SRCROOT)/../node_modules/react-native/React/**",
					"$(SRCROOT)/../../react-native/React/**",
				);
				OTHER_LDFLAGS = "-ObjC";
				PRODUCT_NAME = "$(TARGET_NAME)";
				SKIP_INSTALL = YES;
			};
			name = Release;
		};
/* End XCBuildConfiguration section */

/* Begin XCConfigurationList section */
		8A0D997F1C3D65E500DD5E9B /* Build configuration list for PBXProject "RCTFileUploader" */ = {
			isa = XCConfigurationList;
			buildConfigurations = (
				8A0D998B1C3D65E500DD5E9B /* Debug */,
				8A0D998C1C3D65E500DD5E9B /* Release */,
			);
			defaultConfigurationIsVisible = 0;
			defaultConfigurationName = Release;
		};
		8A0D998D1C3D65E500DD5E9B /* Build configuration list for PBXNativeTarget "RCTFileUploader" */ = {
			isa = XCConfigurationList;
			buildConfigurations = (
				8A0D998E1C3D65E500DD5E9B /* Debug */,
				8A0D998F1C3D65E500DD5E9B /* Release */,
			);
			defaultConfigurationIsVisible = 0;
			defaultConfigurationName = Release;
		};
/* End XCConfigurationList section */
	};
	rootObject = 8A0D997C1C3D65E500DD5E9B /* Project object */;
}
